
Microsoft Visual Studio Solution File, Format Version 12.00
# Visual Studio Version 16
VisualStudioVersion = 16.0.29709.97
MinimumVisualStudioVersion = 10.0.40219.1
Project("{FAE04EC0-301F-11D3-BF4B-00C04F79EFBC}") = "ChatServer", "ChatServer\ChatServer.csproj", "{51F70017-C385-4D74-8161-9E52980AB696}"
EndProject
Project("{FAE04EC0-301F-11D3-BF4B-00C04F79EFBC}") = "ChatClient", "ChatClient\ChatClient.csproj", "{5EFF63D4-7E04-482A-A757-90A619ECCDEB}"
EndProject
Project("{FAE04EC0-301F-11D3-BF4B-00C04F79EFBC}") = "ChatCore", "ChatCore\ChatCore.csproj", "{79FBA861-6341-411E-9AE7-6C20448734D9}"
EndProject
Global
	GlobalSection(SolutionConfigurationPlatforms) = preSolution
		Debug|Any CPU = Debug|Any CPU
		Release|Any CPU = Release|Any CPU
	EndGlobalSection
	GlobalSection(ProjectConfigurationPlatforms) = postSolution
		{51F70017-C385-4D74-8161-9E52980AB696}.Debug|Any CPU.ActiveCfg = Debug|Any CPU
		{51F70017-C385-4D74-8161-9E52980AB696}.Debug|Any CPU.Build.0 = Debug|Any CPU
		{51F70017-C385-4D74-8161-9E52980AB696}.Release|Any CPU.ActiveCfg = Release|Any CPU
		{51F70017-C385-4D74-8161-9E52980AB696}.Release|Any CPU.Build.0 = Release|Any CPU
		{5EFF63D4-7E04-482A-A757-90A619ECCDEB}.Debug|Any CPU.ActiveCfg = Debug|Any CPU
		{5EFF63D4-7E04-482A-A757-90A619ECCDEB}.Debug|Any CPU.Build.0 = Debug|Any CPU
		{5EFF63D4-7E04-482A-A757-90A619ECCDEB}.Release|Any CPU.ActiveCfg = Release|Any CPU
		{5EFF63D4-7E04-482A-A757-90A619ECCDEB}.Release|Any CPU.Build.0 = Release|Any CPU
		{79FBA861-6341-411E-9AE7-6C20448734D9}.Debug|Any CPU.ActiveCfg = Debug|Any CPU
		{79FBA861-6341-411E-9AE7-6C20448734D9}.Debug|Any CPU.Build.0 = Debug|Any CPU
		{79FBA861-6341-411E-9AE7-6C20448734D9}.Release|Any CPU.ActiveCfg = Release|Any CPU
		{79FBA861-6341-411E-9AE7-6C20448734D9}.Release|Any CPU.Build.0 = Release|Any CPU
	EndGlobalSection
	GlobalSection(SolutionProperties) = preSolution
		HideSolutionNode = FALSE
	EndGlobalSection
	GlobalSection(ExtensibilityGlobals) = postSolution
		SolutionGuid = {581AB824-70F1-462C-BDE8-308AB3949155}
	EndGlobalSection
EndGlobal
